<Solution>
  <Folder Name="/Solution Items/">
    <File Path=".env" />
    <File Path=".env.example" />
    <File Path=".github/workflows/ci.yml" />
    <File Path=".gitignore" />
    <File Path="compose.yaml" />
  </Folder>
  <Folder Name="/src/">
    <Project Path="src/Memorio.API/Memorio.API.csproj" />
    <Project Path="src/Memorio.Shared/Memorio.Shared.csproj" />
  </Folder>
</Solution>
